
Microsoft Visual Studio Solution File, Format Version 12.00
# Visual Studio Version 16
VisualStudioVersion = 16.0.30804.86
MinimumVisualStudioVersion = 10.0.40219.1
Project("{9A19103F-16F7-4668-BE54-9A1E7A4F7556}") = "SearchFile.Wpf.App", "SearchFile.Wpf.App\SearchFile.Wpf.App.csproj", "{A2AEBF43-40DC-4507-AABE-3A20D5DB8990}"
EndProject
Project("{9A19103F-16F7-4668-BE54-9A1E7A4F7556}") = "SearchFile.Wpf.Module", "SearchFile.Wpf.Module\SearchFile.Wpf.Module.csproj", "{0FA2CE82-995F-4BE6-9B6B-88E134FC59CC}"
EndProject
Global
	GlobalSection(SolutionConfigurationPlatforms) = preSolution
		Debug|Any CPU = Debug|Any CPU
		Release|Any CPU = Release|Any CPU
	EndGlobalSection
	GlobalSection(ProjectConfigurationPlatforms) = postSolution
		{A2AEBF43-40DC-4507-AABE-3A20D5DB8990}.Debug|Any CPU.ActiveCfg = Debug|Any CPU
		{A2AEBF43-40DC-4507-AABE-3A20D5DB8990}.Debug|Any CPU.Build.0 = Debug|Any CPU
		{A2AEBF43-40DC-4507-AABE-3A20D5DB8990}.Release|Any CPU.ActiveCfg = Release|Any CPU
		{A2AEBF43-40DC-4507-AABE-3A20D5DB8990}.Release|Any CPU.Build.0 = Release|Any CPU
		{0FA2CE82-995F-4BE6-9B6B-88E134FC59CC}.Debug|Any CPU.ActiveCfg = Debug|Any CPU
		{0FA2CE82-995F-4BE6-9B6B-88E134FC59CC}.Debug|Any CPU.Build.0 = Debug|Any CPU
		{0FA2CE82-995F-4BE6-9B6B-88E134FC59CC}.Release|Any CPU.ActiveCfg = Release|Any CPU
		{0FA2CE82-995F-4BE6-9B6B-88E134FC59CC}.Release|Any CPU.Build.0 = Release|Any CPU
	EndGlobalSection
	GlobalSection(SolutionProperties) = preSolution
		HideSolutionNode = FALSE
	EndGlobalSection
	GlobalSection(ExtensibilityGlobals) = postSolution
		SolutionGuid = {2A21D911-5767-4D40-B3A9-1E1E149D0A1E}
	EndGlobalSection
EndGlobal
