
Microsoft Visual Studio Solution File, Format Version 12.00
# Visual Studio 15
VisualStudioVersion = 15.0.28010.2019
MinimumVisualStudioVersion = 10.0.40219.1
Project("{FAE04EC0-301F-11D3-BF4B-00C04F79EFBC}") = "SearchFile.Wpf.App", "SearchFile.Wpf.App\SearchFile.Wpf.App.csproj", "{A2AEBF43-40DC-4507-AABE-3A20D5DB8990}"
EndProject
Project("{FAE04EC0-301F-11D3-BF4B-00C04F79EFBC}") = "SearchFile.Wpf.Module", "SearchFile.Wpf.Module\SearchFile.Wpf.Module.csproj", "{0FA2CE82-995F-4BE6-9B6B-88E134FC59CC}"
EndProject
Global
	GlobalSection(SolutionConfigurationPlatforms) = preSolution
		Debug|Any CPU = Debug|Any CPU
		Release|Any CPU = Release|Any CPU
	EndGlobalSection
	GlobalSection(ProjectConfigurationPlatforms) = postSolution
		{A2AEBF43-40DC-4507-AABE-3A20D5DB8990}.Debug|Any CPU.ActiveCfg = Debug|Any CPU
		{A2AEBF43-40DC-4507-AABE-3A20D5DB8990}.Debug|Any CPU.Build.0 = Debug|Any CPU
		{A2AEBF43-40DC-4507-AABE-3A20D5DB8990}.Release|Any CPU.ActiveCfg = Release|Any CPU
		{A2AEBF43-40DC-4507-AABE-3A20D5DB8990}.Release|Any CPU.Build.0 = Release|Any CPU
		{0FA2CE82-995F-4BE6-9B6B-88E134FC59CC}.Debug|Any CPU.ActiveCfg = Debug|Any CPU
		{0FA2CE82-995F-4BE6-9B6B-88E134FC59CC}.Debug|Any CPU.Build.0 = Debug|Any CPU
		{0FA2CE82-995F-4BE6-9B6B-88E134FC59CC}.Release|Any CPU.ActiveCfg = Release|Any CPU
		{0FA2CE82-995F-4BE6-9B6B-88E134FC59CC}.Release|Any CPU.Build.0 = Release|Any CPU
	EndGlobalSection
	GlobalSection(SolutionProperties) = preSolution
		HideSolutionNode = FALSE
	EndGlobalSection
	GlobalSection(ExtensibilityGlobals) = postSolution
		SolutionGuid = {2A21D911-5767-4D40-B3A9-1E1E149D0A1E}
	EndGlobalSection
EndGlobal
